
Microsoft Visual Studio Solution File, Format Version 11.00
# Visual Studio 2010
Project("{FAE04EC0-301F-11D3-BF4B-00C04F79EFBC}") = "Grove", "source\Grove\Grove.csproj", "{08EAEA6C-8725-470C-9346-27AC0320DAFF}"
EndProject
Project("{FAE04EC0-301F-11D3-BF4B-00C04F79EFBC}") = "Grove.Tests", "tests\Grove.Tests\Grove.Tests.csproj", "{FF001FE3-F4E8-4768-BE96-CD6FCCCA52D1}"
EndProject
Project("{FAE04EC0-301F-11D3-BF4B-00C04F79EFBC}") = "Grove.Utils", "source\Grove.Utils\Grove.Utils.csproj", "{38A405B5-227C-4DF2-8807-BADCDB035530}"
EndProject
Global
	GlobalSection(SolutionConfigurationPlatforms) = preSolution
		Debug|Any CPU = Debug|Any CPU
		Debug|Mixed Platforms = Debug|Mixed Platforms
		Debug|x64 = Debug|x64
		Debug|x86 = Debug|x86
		Release|Any CPU = Release|Any CPU
		Release|Mixed Platforms = Release|Mixed Platforms
		Release|x64 = Release|x64
		Release|x86 = Release|x86
	EndGlobalSection
	GlobalSection(ProjectConfigurationPlatforms) = postSolution
		{08EAEA6C-8725-470C-9346-27AC0320DAFF}.Debug|Any CPU.ActiveCfg = Debug|Any CPU
		{08EAEA6C-8725-470C-9346-27AC0320DAFF}.Debug|Any CPU.Build.0 = Debug|Any CPU
		{08EAEA6C-8725-470C-9346-27AC0320DAFF}.Debug|Mixed Platforms.ActiveCfg = Debug|Any CPU
		{08EAEA6C-8725-470C-9346-27AC0320DAFF}.Debug|Mixed Platforms.Build.0 = Debug|Any CPU
		{08EAEA6C-8725-470C-9346-27AC0320DAFF}.Debug|x64.ActiveCfg = Debug|Any CPU
		{08EAEA6C-8725-470C-9346-27AC0320DAFF}.Debug|x64.Build.0 = Debug|Any CPU
		{08EAEA6C-8725-470C-9346-27AC0320DAFF}.Debug|x86.ActiveCfg = Debug|x86
		{08EAEA6C-8725-470C-9346-27AC0320DAFF}.Debug|x86.Build.0 = Debug|x86
		{08EAEA6C-8725-470C-9346-27AC0320DAFF}.Release|Any CPU.ActiveCfg = Release|Any CPU
		{08EAEA6C-8725-470C-9346-27AC0320DAFF}.Release|Any CPU.Build.0 = Release|Any CPU
		{08EAEA6C-8725-470C-9346-27AC0320DAFF}.Release|Mixed Platforms.ActiveCfg = Release|Any CPU
		{08EAEA6C-8725-470C-9346-27AC0320DAFF}.Release|Mixed Platforms.Build.0 = Release|Any CPU
		{08EAEA6C-8725-470C-9346-27AC0320DAFF}.Release|x64.ActiveCfg = Release|Any CPU
		{08EAEA6C-8725-470C-9346-27AC0320DAFF}.Release|x86.ActiveCfg = Release|x86
		{08EAEA6C-8725-470C-9346-27AC0320DAFF}.Release|x86.Build.0 = Release|x86
		{FF001FE3-F4E8-4768-BE96-CD6FCCCA52D1}.Debug|Any CPU.ActiveCfg = Debug|Any CPU
		{FF001FE3-F4E8-4768-BE96-CD6FCCCA52D1}.Debug|Any CPU.Build.0 = Debug|Any CPU
		{FF001FE3-F4E8-4768-BE96-CD6FCCCA52D1}.Debug|Mixed Platforms.ActiveCfg = Debug|Any CPU
		{FF001FE3-F4E8-4768-BE96-CD6FCCCA52D1}.Debug|Mixed Platforms.Build.0 = Debug|Any CPU
		{FF001FE3-F4E8-4768-BE96-CD6FCCCA52D1}.Debug|x64.ActiveCfg = Debug|Any CPU
		{FF001FE3-F4E8-4768-BE96-CD6FCCCA52D1}.Debug|x64.Build.0 = Debug|Any CPU
		{FF001FE3-F4E8-4768-BE96-CD6FCCCA52D1}.Debug|x86.ActiveCfg = Debug|x86
		{FF001FE3-F4E8-4768-BE96-CD6FCCCA52D1}.Debug|x86.Build.0 = Debug|x86
		{FF001FE3-F4E8-4768-BE96-CD6FCCCA52D1}.Release|Any CPU.ActiveCfg = Release|Any CPU
		{FF001FE3-F4E8-4768-BE96-CD6FCCCA52D1}.Release|Any CPU.Build.0 = Release|Any CPU
		{FF001FE3-F4E8-4768-BE96-CD6FCCCA52D1}.Release|Mixed Platforms.ActiveCfg = Release|Any CPU
		{FF001FE3-F4E8-4768-BE96-CD6FCCCA52D1}.Release|Mixed Platforms.Build.0 = Release|Any CPU
		{FF001FE3-F4E8-4768-BE96-CD6FCCCA52D1}.Release|x64.ActiveCfg = Release|Any CPU
		{FF001FE3-F4E8-4768-BE96-CD6FCCCA52D1}.Release|x86.ActiveCfg = Release|x86
		{FF001FE3-F4E8-4768-BE96-CD6FCCCA52D1}.Release|x86.Build.0 = Release|x86
		{38A405B5-227C-4DF2-8807-BADCDB035530}.Debug|Any CPU.ActiveCfg = Debug|Any CPU
		{38A405B5-227C-4DF2-8807-BADCDB035530}.Debug|Any CPU.Build.0 = Debug|Any CPU
		{38A405B5-227C-4DF2-8807-BADCDB035530}.Debug|Mixed Platforms.ActiveCfg = Debug|x86
		{38A405B5-227C-4DF2-8807-BADCDB035530}.Debug|Mixed Platforms.Build.0 = Debug|x86
		{38A405B5-227C-4DF2-8807-BADCDB035530}.Debug|x64.ActiveCfg = Debug|x86
		{38A405B5-227C-4DF2-8807-BADCDB035530}.Debug|x86.ActiveCfg = Debug|x86
		{38A405B5-227C-4DF2-8807-BADCDB035530}.Debug|x86.Build.0 = Debug|x86
		{38A405B5-227C-4DF2-8807-BADCDB035530}.Release|Any CPU.ActiveCfg = Release|x86
		{38A405B5-227C-4DF2-8807-BADCDB035530}.Release|Mixed Platforms.ActiveCfg = Release|x86
		{38A405B5-227C-4DF2-8807-BADCDB035530}.Release|Mixed Platforms.Build.0 = Release|x86
		{38A405B5-227C-4DF2-8807-BADCDB035530}.Release|x64.ActiveCfg = Release|x86
		{38A405B5-227C-4DF2-8807-BADCDB035530}.Release|x86.ActiveCfg = Release|x86
		{38A405B5-227C-4DF2-8807-BADCDB035530}.Release|x86.Build.0 = Release|x86
	EndGlobalSection
	GlobalSection(SolutionProperties) = preSolution
		HideSolutionNode = FALSE
	EndGlobalSection
	GlobalSection(NDepend) = preSolution
		Project = ""
	EndGlobalSection
EndGlobal
